
Microsoft Visual Studio Solution File, Format Version 12.00
# Visual Studio 15
VisualStudioVersion = 15.0.27428.2005
MinimumVisualStudioVersion = 10.0.40219.1
Project("{9A19103F-16F7-4668-BE54-9A1E7A4F7556}") = "BasicApp", "BasicApp\BasicApp.csproj", "{1AF5F0F3-C6D0-4B10-BFC7-7FD3BA02262E}"
EndProject
Project("{9A19103F-16F7-4668-BE54-9A1E7A4F7556}") = "BasicApp.DataAccess", "BasicApp.DataAccess\BasicApp.DataAccess.csproj", "{58678296-8A64-4AF4-BF97-74151D1A6816}"
EndProject
Project("{9A19103F-16F7-4668-BE54-9A1E7A4F7556}") = "BasicApp.Services", "BasicApp.Services\BasicApp.Services.csproj", "{468053A1-E196-4C4E-8EBA-39EECF315DFA}"
EndProject
Project("{9A19103F-16F7-4668-BE54-9A1E7A4F7556}") = "BasicApp.DI", "BasicApp.DI\BasicApp.DI.csproj", "{8D892DB4-1F71-484F-9F49-0FFEDF5E3DDE}"
EndProject
Project("{FAE04EC0-301F-11D3-BF4B-00C04F79EFBC}") = "BasicApp.DI.Exemples", "BasicApp.DI.Exemples\BasicApp.DI.Exemples.csproj", "{F9689E07-233A-41E7-A2E3-7C22C83B09E7}"
EndProject
Global
	GlobalSection(SolutionConfigurationPlatforms) = preSolution
		Debug|Any CPU = Debug|Any CPU
		Release|Any CPU = Release|Any CPU
	EndGlobalSection
	GlobalSection(ProjectConfigurationPlatforms) = postSolution
		{1AF5F0F3-C6D0-4B10-BFC7-7FD3BA02262E}.Debug|Any CPU.ActiveCfg = Debug|Any CPU
		{1AF5F0F3-C6D0-4B10-BFC7-7FD3BA02262E}.Debug|Any CPU.Build.0 = Debug|Any CPU
		{1AF5F0F3-C6D0-4B10-BFC7-7FD3BA02262E}.Release|Any CPU.ActiveCfg = Release|Any CPU
		{1AF5F0F3-C6D0-4B10-BFC7-7FD3BA02262E}.Release|Any CPU.Build.0 = Release|Any CPU
		{58678296-8A64-4AF4-BF97-74151D1A6816}.Debug|Any CPU.ActiveCfg = Debug|Any CPU
		{58678296-8A64-4AF4-BF97-74151D1A6816}.Debug|Any CPU.Build.0 = Debug|Any CPU
		{58678296-8A64-4AF4-BF97-74151D1A6816}.Release|Any CPU.ActiveCfg = Release|Any CPU
		{58678296-8A64-4AF4-BF97-74151D1A6816}.Release|Any CPU.Build.0 = Release|Any CPU
		{468053A1-E196-4C4E-8EBA-39EECF315DFA}.Debug|Any CPU.ActiveCfg = Debug|Any CPU
		{468053A1-E196-4C4E-8EBA-39EECF315DFA}.Debug|Any CPU.Build.0 = Debug|Any CPU
		{468053A1-E196-4C4E-8EBA-39EECF315DFA}.Release|Any CPU.ActiveCfg = Release|Any CPU
		{468053A1-E196-4C4E-8EBA-39EECF315DFA}.Release|Any CPU.Build.0 = Release|Any CPU
		{8D892DB4-1F71-484F-9F49-0FFEDF5E3DDE}.Debug|Any CPU.ActiveCfg = Debug|Any CPU
		{8D892DB4-1F71-484F-9F49-0FFEDF5E3DDE}.Debug|Any CPU.Build.0 = Debug|Any CPU
		{8D892DB4-1F71-484F-9F49-0FFEDF5E3DDE}.Release|Any CPU.ActiveCfg = Release|Any CPU
		{8D892DB4-1F71-484F-9F49-0FFEDF5E3DDE}.Release|Any CPU.Build.0 = Release|Any CPU
		{F9689E07-233A-41E7-A2E3-7C22C83B09E7}.Debug|Any CPU.ActiveCfg = Debug|Any CPU
		{F9689E07-233A-41E7-A2E3-7C22C83B09E7}.Debug|Any CPU.Build.0 = Debug|Any CPU
		{F9689E07-233A-41E7-A2E3-7C22C83B09E7}.Release|Any CPU.ActiveCfg = Release|Any CPU
		{F9689E07-233A-41E7-A2E3-7C22C83B09E7}.Release|Any CPU.Build.0 = Release|Any CPU
	EndGlobalSection
	GlobalSection(SolutionProperties) = preSolution
		HideSolutionNode = FALSE
	EndGlobalSection
	GlobalSection(ExtensibilityGlobals) = postSolution
		SolutionGuid = {49423809-3171-4ED8-A3A4-9DC4BF896E8F}
	EndGlobalSection
EndGlobal
